// !$*UTF8*$!
{
	archiveVersion = 1;
	classes = {
	};
	objectVersion = 46;
	objects = {

/* Begin PBXBuildFile section */
		051931C11CACFF980002D395 /* active_dropdown_field@2x.png in Resources */ = {isa = PBXBuildFile; fileRef = 051931BF1CACFF980002D395 /* active_dropdown_field@2x.png */; };
		051931C21CACFF980002D395 /* active_dropdown_field.png in Resources */ = {isa = PBXBuildFile; fileRef = 051931C01CACFF980002D395 /* active_dropdown_field.png */; };
		051931C51CAD22990002D395 /* DataLayer.m in Sources */ = {isa = PBXBuildFile; fileRef = 051931C31CAD22990002D395 /* DataLayer.m */; };
		051931C71CAD243D0002D395 /* DIFC_DB.sqlite in Resources */ = {isa = PBXBuildFile; fileRef = 051931C61CAD243D0002D395 /* DIFC_DB.sqlite */; };
		051931C91CAD24A30002D395 /* libsqlite3.0.tbd in Frameworks */ = {isa = PBXBuildFile; fileRef = 051931C81CAD24A30002D395 /* libsqlite3.0.tbd */; };
		051931D31CAD25FA0002D395 /* SearchFilterViewController.m in Sources */ = {isa = PBXBuildFile; fileRef = 051931CA1CAD25FA0002D395 /* SearchFilterViewController.m */; };
		051931D41CAD25FA0002D395 /* ViewExportFilesViewController.m in Sources */ = {isa = PBXBuildFile; fileRef = 051931CB1CAD25FA0002D395 /* ViewExportFilesViewController.m */; };
		051931D51CAD25FA0002D395 /* SearchFilterViewController.xib in Resources */ = {isa = PBXBuildFile; fileRef = 051931CC1CAD25FA0002D395 /* SearchFilterViewController.xib */; };
		051931D61CAD25FA0002D395 /* ViewExportFilesViewController.xib in Resources */ = {isa = PBXBuildFile; fileRef = 051931CD1CAD25FA0002D395 /* ViewExportFilesViewController.xib */; };
		051931D71CAD25FA0002D395 /* InAppBrowserViewController.m in Sources */ = {isa = PBXBuildFile; fileRef = 051931D01CAD25FA0002D395 /* InAppBrowserViewController.m */; };
		051931D81CAD25FA0002D395 /* InAppBrowserViewController.xib in Resources */ = {isa = PBXBuildFile; fileRef = 051931D11CAD25FA0002D395 /* InAppBrowserViewController.xib */; };
		051931DF1CAD27B30002D395 /* FilesCustomCell.xib in Resources */ = {isa = PBXBuildFile; fileRef = 051931D91CAD27B30002D395 /* FilesCustomCell.xib */; };
		051931E01CAD27B30002D395 /* UserCustomCell.xib in Resources */ = {isa = PBXBuildFile; fileRef = 051931DA1CAD27B30002D395 /* UserCustomCell.xib */; };
		051931E11CAD27B30002D395 /* FilesCustomCell.m in Sources */ = {isa = PBXBuildFile; fileRef = 051931DB1CAD27B30002D395 /* FilesCustomCell.m */; };
		051931E21CAD27B30002D395 /* UserCustomCell.m in Sources */ = {isa = PBXBuildFile; fileRef = 051931DD1CAD27B30002D395 /* UserCustomCell.m */; };
		051931E51CAD28760002D395 /* redbutton.png in Resources */ = {isa = PBXBuildFile; fileRef = 051931E31CAD28760002D395 /* redbutton.png */; };
		051931E61CAD28760002D395 /* bluebutton.png in Resources */ = {isa = PBXBuildFile; fileRef = 051931E41CAD28760002D395 /* bluebutton.png */; };
		051931E81CAD45A20002D395 /* manual_scan.png in Resources */ = {isa = PBXBuildFile; fileRef = 051931E71CAD45A20002D395 /* manual_scan.png */; };
		059998211CAFD09400B30B8D /* logo29x29.png in Resources */ = {isa = PBXBuildFile; fileRef = 059998151CAFD09400B30B8D /* logo29x29.png */; };
		059998221CAFD09400B30B8D /* logo40x40.png in Resources */ = {isa = PBXBuildFile; fileRef = 059998161CAFD09400B30B8D /* logo40x40.png */; };
		059998231CAFD09400B30B8D /* logo57x57.png in Resources */ = {isa = PBXBuildFile; fileRef = 059998171CAFD09400B30B8D /* logo57x57.png */; };
		059998241CAFD09400B30B8D /* logo58x58.png in Resources */ = {isa = PBXBuildFile; fileRef = 059998181CAFD09400B30B8D /* logo58x58.png */; };
		059998251CAFD09400B30B8D /* logo60x60.png in Resources */ = {isa = PBXBuildFile; fileRef = 059998191CAFD09400B30B8D /* logo60x60.png */; };
		059998261CAFD09400B30B8D /* logo76x76.png in Resources */ = {isa = PBXBuildFile; fileRef = 0599981A1CAFD09400B30B8D /* logo76x76.png */; };
		059998271CAFD09400B30B8D /* logo80x80.png in Resources */ = {isa = PBXBuildFile; fileRef = 0599981B1CAFD09400B30B8D /* logo80x80.png */; };
		059998281CAFD09400B30B8D /* logo87x87.png in Resources */ = {isa = PBXBuildFile; fileRef = 0599981C1CAFD09400B30B8D /* logo87x87.png */; };
		059998291CAFD09400B30B8D /* logo114x114.png in Resources */ = {isa = PBXBuildFile; fileRef = 0599981D1CAFD09400B30B8D /* logo114x114.png */; };
		0599982A1CAFD09400B30B8D /* logo120x120.png in Resources */ = {isa = PBXBuildFile; fileRef = 0599981E1CAFD09400B30B8D /* logo120x120.png */; };
		0599982B1CAFD09400B30B8D /* logo152x152.png in Resources */ = {isa = PBXBuildFile; fileRef = 0599981F1CAFD09400B30B8D /* logo152x152.png */; };
		0599982C1CAFD09400B30B8D /* logo180x180.png in Resources */ = {isa = PBXBuildFile; fileRef = 059998201CAFD09400B30B8D /* logo180x180.png */; };
		0599982E1CAFD16800B30B8D /* logo167x167.png in Resources */ = {isa = PBXBuildFile; fileRef = 0599982D1CAFD16800B30B8D /* logo167x167.png */; };
		05AA809E1C8AAA1F0094FEB9 /* CoreData.framework in Frameworks */ = {isa = PBXBuildFile; fileRef = 05AA809D1C8AAA1F0094FEB9 /* CoreData.framework */; };
		05AA80A01C8AAA2A0094FEB9 /* CFNetwork.framework in Frameworks */ = {isa = PBXBuildFile; fileRef = 05AA809F1C8AAA2A0094FEB9 /* CFNetwork.framework */; };
		05B646511CAAA9BB00977B5D /* activefield.png in Resources */ = {isa = PBXBuildFile; fileRef = 05B6463D1CAAA9BB00977B5D /* activefield.png */; };
		05B646521CAAA9BB00977B5D /* activefield@2x.png in Resources */ = {isa = PBXBuildFile; fileRef = 05B6463E1CAAA9BB00977B5D /* activefield@2x.png */; };
		05B646531CAAA9BB00977B5D /* arrowdown.png in Resources */ = {isa = PBXBuildFile; fileRef = 05B6463F1CAAA9BB00977B5D /* arrowdown.png */; };
		05B646541CAAA9BB00977B5D /* arrowdown@2x.png in Resources */ = {isa = PBXBuildFile; fileRef = 05B646401CAAA9BB00977B5D /* arrowdown@2x.png */; };
		05B646551CAAA9BB00977B5D /* backbuttonnew.png in Resources */ = {isa = PBXBuildFile; fileRef = 05B646411CAAA9BB00977B5D /* backbuttonnew.png */; };
		05B646561CAAA9BB00977B5D /* backbuttonnew@2x.png in Resources */ = {isa = PBXBuildFile; fileRef = 05B646421CAAA9BB00977B5D /* backbuttonnew@2x.png */; };
		05B646571CAAA9BB00977B5D /* bg.png in Resources */ = {isa = PBXBuildFile; fileRef = 05B646431CAAA9BB00977B5D /* bg.png */; };
		05B646581CAAA9BB00977B5D /* bg@2x.png in Resources */ = {isa = PBXBuildFile; fileRef = 05B646441CAAA9BB00977B5D /* bg@2x.png */; };
		05B646591CAAA9BB00977B5D /* buttonnext.png in Resources */ = {isa = PBXBuildFile; fileRef = 05B646451CAAA9BB00977B5D /* buttonnext.png */; };
		05B6465A1CAAA9BB00977B5D /* buttonnext@2x.png in Resources */ = {isa = PBXBuildFile; fileRef = 05B646461CAAA9BB00977B5D /* buttonnext@2x.png */; };
		05B6465B1CAAA9BB00977B5D /* innerlogo.png in Resources */ = {isa = PBXBuildFile; fileRef = 05B646471CAAA9BB00977B5D /* innerlogo.png */; };
		05B6465C1CAAA9BB00977B5D /* innerlogo@2x.png in Resources */ = {isa = PBXBuildFile; fileRef = 05B646481CAAA9BB00977B5D /* innerlogo@2x.png */; };
		05B6465D1CAAA9BB00977B5D /* lopgo.png in Resources */ = {isa = PBXBuildFile; fileRef = 05B646491CAAA9BB00977B5D /* lopgo.png */; };
		05B6465E1CAAA9BB00977B5D /* lopgo@2x.png in Resources */ = {isa = PBXBuildFile; fileRef = 05B6464A1CAAA9BB00977B5D /* lopgo@2x.png */; };
		05B6465F1CAAA9BB00977B5D /* startbutton.png in Resources */ = {isa = PBXBuildFile; fileRef = 05B6464B1CAAA9BB00977B5D /* startbutton.png */; };
		05B646601CAAA9BB00977B5D /* startbutton@2x.png in Resources */ = {isa = PBXBuildFile; fileRef = 05B6464C1CAAA9BB00977B5D /* startbutton@2x.png */; };
		05B646611CAAA9BB00977B5D /* frontscreen.jpg in Resources */ = {isa = PBXBuildFile; fileRef = 05B6464E1CAAA9BB00977B5D /* frontscreen.jpg */; };
		05B646621CAAA9BB00977B5D /* question5.jpg in Resources */ = {isa = PBXBuildFile; fileRef = 05B6464F1CAAA9BB00977B5D /* question5.jpg */; };
		05B646631CAAA9BB00977B5D /* thankyou.jpg in Resources */ = {isa = PBXBuildFile; fileRef = 05B646501CAAA9BB00977B5D /* thankyou.jpg */; };
		731E4B341BFDD92300DEB90C /* ListPopOverController.m in Sources */ = {isa = PBXBuildFile; fileRef = 731E4B311BFDD92300DEB90C /* ListPopOverController.m */; };
		731E4B351BFDD92300DEB90C /* ListPopOverController.xib in Resources */ = {isa = PBXBuildFile; fileRef = 731E4B321BFDD92300DEB90C /* ListPopOverController.xib */; };
		7352F65D1BFB550800215428 /* SystemConfiguration.framework in Frameworks */ = {isa = PBXBuildFile; fileRef = 7352F65C1BFB550800215428 /* SystemConfiguration.framework */; };
		7352F6651BFB552700215428 /* AVFoundation.framework in Frameworks */ = {isa = PBXBuildFile; fileRef = 7352F6641BFB552700215428 /* AVFoundation.framework */; };
		73BF51F01BFC6D8900CF3B5A /* FinalViewController.m in Sources */ = {isa = PBXBuildFile; fileRef = 73BF51EE1BFC6D8900CF3B5A /* FinalViewController.m */; };
		73BF51F11BFC6D8900CF3B5A /* FinalViewController.xib in Resources */ = {isa = PBXBuildFile; fileRef = 73BF51EF1BFC6D8900CF3B5A /* FinalViewController.xib */; };
		73C36AF71C004D4800CECBAC /* NSObject+SBJSON.m in Sources */ = {isa = PBXBuildFile; fileRef = 73C36AEC1C004D4800CECBAC /* NSObject+SBJSON.m */; settings = {COMPILER_FLAGS = "-fno-objc-arc"; }; };
		73C36AF81C004D4800CECBAC /* NSString+SBJSON.m in Sources */ = {isa = PBXBuildFile; fileRef = 73C36AEE1C004D4800CECBAC /* NSString+SBJSON.m */; settings = {COMPILER_FLAGS = "-fno-objc-arc"; }; };
		73C36AF91C004D4800CECBAC /* SBJSON.m in Sources */ = {isa = PBXBuildFile; fileRef = 73C36AF01C004D4800CECBAC /* SBJSON.m */; settings = {COMPILER_FLAGS = "-fno-objc-arc"; }; };
		73C36AFA1C004D4800CECBAC /* SBJsonBase.m in Sources */ = {isa = PBXBuildFile; fileRef = 73C36AF21C004D4800CECBAC /* SBJsonBase.m */; settings = {COMPILER_FLAGS = "-fno-objc-arc"; }; };
		73C36AFB1C004D4800CECBAC /* SBJsonParser.m in Sources */ = {isa = PBXBuildFile; fileRef = 73C36AF41C004D4800CECBAC /* SBJsonParser.m */; settings = {COMPILER_FLAGS = "-fno-objc-arc"; }; };
		73C36AFC1C004D4800CECBAC /* SBJsonWriter.m in Sources */ = {isa = PBXBuildFile; fileRef = 73C36AF61C004D4800CECBAC /* SBJsonWriter.m */; settings = {COMPILER_FLAGS = "-fno-objc-arc"; }; };
		73C36B001C0096D000CECBAC /* DejalActivityView.m in Sources */ = {isa = PBXBuildFile; fileRef = 73C36AFF1C0096D000CECBAC /* DejalActivityView.m */; };
		73F76D021BFAF7D700AF9976 /* main.m in Sources */ = {isa = PBXBuildFile; fileRef = 73F76D011BFAF7D700AF9976 /* main.m */; };
		73F76D051BFAF7D700AF9976 /* AppDelegate.m in Sources */ = {isa = PBXBuildFile; fileRef = 73F76D041BFAF7D700AF9976 /* AppDelegate.m */; };
		73F76D0D1BFAF7D700AF9976 /* Images.xcassets in Resources */ = {isa = PBXBuildFile; fileRef = 73F76D0C1BFAF7D700AF9976 /* Images.xcassets */; };
		73F76D101BFAF7D700AF9976 /* LaunchScreen.xib in Resources */ = {isa = PBXBuildFile; fileRef = 73F76D0E1BFAF7D700AF9976 /* LaunchScreen.xib */; };
		73F76D1C1BFAF7D700AF9976 /* RaffleDrawGlobalVillageTests.m in Sources */ = {isa = PBXBuildFile; fileRef = 73F76D1B1BFAF7D700AF9976 /* RaffleDrawGlobalVillageTests.m */; };
		73F76D391BFB196300AF9976 /* RegisterViewController.m in Sources */ = {isa = PBXBuildFile; fileRef = 73F76D311BFB196300AF9976 /* RegisterViewController.m */; };
		73F76D3A1BFB196300AF9976 /* RegisterViewController.xib in Resources */ = {isa = PBXBuildFile; fileRef = 73F76D321BFB196300AF9976 /* RegisterViewController.xib */; };
		73F76D421BFB19F700AF9976 /* RaffleEntry.m in Sources */ = {isa = PBXBuildFile; fileRef = 73F76D411BFB19F700AF9976 /* RaffleEntry.m */; };
		73F76D491BFB1E9800AF9976 /* StartDrawViewController.m in Sources */ = {isa = PBXBuildFile; fileRef = 73F76D471BFB1E9800AF9976 /* StartDrawViewController.m */; };
		73F76D4A1BFB1E9800AF9976 /* StartDrawViewController.xib in Resources */ = {isa = PBXBuildFile; fileRef = 73F76D481BFB1E9800AF9976 /* StartDrawViewController.xib */; };
/* End PBXBuildFile section */

/* Begin PBXContainerItemProxy section */
		73F76D161BFAF7D700AF9976 /* PBXContainerItemProxy */ = {
			isa = PBXContainerItemProxy;
			containerPortal = 73F76CF41BFAF7D700AF9976 /* Project object */;
			proxyType = 1;
			remoteGlobalIDString = 73F76CFB1BFAF7D700AF9976;
			remoteInfo = RaffleDrawGlobalVillage;
		};
/* End PBXContainerItemProxy section */

/* Begin PBXFileReference section */
		051931BF1CACFF980002D395 /* active_dropdown_field@2x.png */ = {isa = PBXFileReference; lastKnownFileType = image.png; path = "active_dropdown_field@2x.png"; sourceTree = "<group>"; };
		051931C01CACFF980002D395 /* active_dropdown_field.png */ = {isa = PBXFileReference; lastKnownFileType = image.png; path = active_dropdown_field.png; sourceTree = "<group>"; };
		051931C31CAD22990002D395 /* DataLayer.m */ = {isa = PBXFileReference; fileEncoding = 4; lastKnownFileType = sourcecode.c.objc; path = DataLayer.m; sourceTree = "<group>"; };
		051931C41CAD22990002D395 /* DataLayer.h */ = {isa = PBXFileReference; fileEncoding = 4; lastKnownFileType = sourcecode.c.h; path = DataLayer.h; sourceTree = "<group>"; };
		051931C61CAD243D0002D395 /* DIFC_DB.sqlite */ = {isa = PBXFileReference; lastKnownFileType = file; path = DIFC_DB.sqlite; sourceTree = "<group>"; };
		051931C81CAD24A30002D395 /* libsqlite3.0.tbd */ = {isa = PBXFileReference; lastKnownFileType = "sourcecode.text-based-dylib-definition"; name = libsqlite3.0.tbd; path = usr/lib/libsqlite3.0.tbd; sourceTree = SDKROOT; };
		051931CA1CAD25FA0002D395 /* SearchFilterViewController.m */ = {isa = PBXFileReference; fileEncoding = 4; lastKnownFileType = sourcecode.c.objc; path = SearchFilterViewController.m; sourceTree = "<group>"; };
		051931CB1CAD25FA0002D395 /* ViewExportFilesViewController.m */ = {isa = PBXFileReference; fileEncoding = 4; lastKnownFileType = sourcecode.c.objc; path = ViewExportFilesViewController.m; sourceTree = "<group>"; };
		051931CC1CAD25FA0002D395 /* SearchFilterViewController.xib */ = {isa = PBXFileReference; fileEncoding = 4; lastKnownFileType = file.xib; path = SearchFilterViewController.xib; sourceTree = "<group>"; };
		051931CD1CAD25FA0002D395 /* ViewExportFilesViewController.xib */ = {isa = PBXFileReference; fileEncoding = 4; lastKnownFileType = file.xib; path = ViewExportFilesViewController.xib; sourceTree = "<group>"; };
		051931CE1CAD25FA0002D395 /* ViewExportFilesViewController.h */ = {isa = PBXFileReference; fileEncoding = 4; lastKnownFileType = sourcecode.c.h; path = ViewExportFilesViewController.h; sourceTree = "<group>"; };
		051931CF1CAD25FA0002D395 /* SearchFilterViewController.h */ = {isa = PBXFileReference; fileEncoding = 4; lastKnownFileType = sourcecode.c.h; path = SearchFilterViewController.h; sourceTree = "<group>"; };
		051931D01CAD25FA0002D395 /* InAppBrowserViewController.m */ = {isa = PBXFileReference; fileEncoding = 4; lastKnownFileType = sourcecode.c.objc; path = InAppBrowserViewController.m; sourceTree = "<group>"; };
		051931D11CAD25FA0002D395 /* InAppBrowserViewController.xib */ = {isa = PBXFileReference; fileEncoding = 4; lastKnownFileType = file.xib; path = InAppBrowserViewController.xib; sourceTree = "<group>"; };
		051931D21CAD25FA0002D395 /* InAppBrowserViewController.h */ = {isa = PBXFileReference; fileEncoding = 4; lastKnownFileType = sourcecode.c.h; path = InAppBrowserViewController.h; sourceTree = "<group>"; };
		051931D91CAD27B30002D395 /* FilesCustomCell.xib */ = {isa = PBXFileReference; fileEncoding = 4; lastKnownFileType = file.xib; path = FilesCustomCell.xib; sourceTree = "<group>"; };
		051931DA1CAD27B30002D395 /* UserCustomCell.xib */ = {isa = PBXFileReference; fileEncoding = 4; lastKnownFileType = file.xib; path = UserCustomCell.xib; sourceTree = "<group>"; };
		051931DB1CAD27B30002D395 /* FilesCustomCell.m */ = {isa = PBXFileReference; fileEncoding = 4; lastKnownFileType = sourcecode.c.objc; path = FilesCustomCell.m; sourceTree = "<group>"; };
		051931DC1CAD27B30002D395 /* FilesCustomCell.h */ = {isa = PBXFileReference; fileEncoding = 4; lastKnownFileType = sourcecode.c.h; path = FilesCustomCell.h; sourceTree = "<group>"; };
		051931DD1CAD27B30002D395 /* UserCustomCell.m */ = {isa = PBXFileReference; fileEncoding = 4; lastKnownFileType = sourcecode.c.objc; path = UserCustomCell.m; sourceTree = "<group>"; };
		051931DE1CAD27B30002D395 /* UserCustomCell.h */ = {isa = PBXFileReference; fileEncoding = 4; lastKnownFileType = sourcecode.c.h; path = UserCustomCell.h; sourceTree = "<group>"; };
		051931E31CAD28760002D395 /* redbutton.png */ = {isa = PBXFileReference; lastKnownFileType = image.png; path = redbutton.png; sourceTree = "<group>"; };
		051931E41CAD28760002D395 /* bluebutton.png */ = {isa = PBXFileReference; lastKnownFileType = image.png; path = bluebutton.png; sourceTree = "<group>"; };
		051931E71CAD45A20002D395 /* manual_scan.png */ = {isa = PBXFileReference; lastKnownFileType = image.png; path = manual_scan.png; sourceTree = "<group>"; };
		059998151CAFD09400B30B8D /* logo29x29.png */ = {isa = PBXFileReference; lastKnownFileType = image.png; path = logo29x29.png; sourceTree = "<group>"; };
		059998161CAFD09400B30B8D /* logo40x40.png */ = {isa = PBXFileReference; lastKnownFileType = image.png; path = logo40x40.png; sourceTree = "<group>"; };
		059998171CAFD09400B30B8D /* logo57x57.png */ = {isa = PBXFileReference; lastKnownFileType = image.png; path = logo57x57.png; sourceTree = "<group>"; };
		059998181CAFD09400B30B8D /* logo58x58.png */ = {isa = PBXFileReference; lastKnownFileType = image.png; path = logo58x58.png; sourceTree = "<group>"; };
		059998191CAFD09400B30B8D /* logo60x60.png */ = {isa = PBXFileReference; lastKnownFileType = image.png; path = logo60x60.png; sourceTree = "<group>"; };
		0599981A1CAFD09400B30B8D /* logo76x76.png */ = {isa = PBXFileReference; lastKnownFileType = image.png; path = logo76x76.png; sourceTree = "<group>"; };
		0599981B1CAFD09400B30B8D /* logo80x80.png */ = {isa = PBXFileReference; lastKnownFileType = image.png; path = logo80x80.png; sourceTree = "<group>"; };
		0599981C1CAFD09400B30B8D /* logo87x87.png */ = {isa = PBXFileReference; lastKnownFileType = image.png; path = logo87x87.png; sourceTree = "<group>"; };
		0599981D1CAFD09400B30B8D /* logo114x114.png */ = {isa = PBXFileReference; lastKnownFileType = image.png; path = logo114x114.png; sourceTree = "<group>"; };
		0599981E1CAFD09400B30B8D /* logo120x120.png */ = {isa = PBXFileReference; lastKnownFileType = image.png; path = logo120x120.png; sourceTree = "<group>"; };
		0599981F1CAFD09400B30B8D /* logo152x152.png */ = {isa = PBXFileReference; lastKnownFileType = image.png; path = logo152x152.png; sourceTree = "<group>"; };
		059998201CAFD09400B30B8D /* logo180x180.png */ = {isa = PBXFileReference; lastKnownFileType = image.png; path = logo180x180.png; sourceTree = "<group>"; };
		0599982D1CAFD16800B30B8D /* logo167x167.png */ = {isa = PBXFileReference; lastKnownFileType = image.png; path = logo167x167.png; sourceTree = "<group>"; };
		05AA809D1C8AAA1F0094FEB9 /* CoreData.framework */ = {isa = PBXFileReference; lastKnownFileType = wrapper.framework; name = CoreData.framework; path = System/Library/Frameworks/CoreData.framework; sourceTree = SDKROOT; };
		05AA809F1C8AAA2A0094FEB9 /* CFNetwork.framework */ = {isa = PBXFileReference; lastKnownFileType = wrapper.framework; name = CFNetwork.framework; path = System/Library/Frameworks/CFNetwork.framework; sourceTree = SDKROOT; };
		05B6463D1CAAA9BB00977B5D /* activefield.png */ = {isa = PBXFileReference; lastKnownFileType = image.png; path = activefield.png; sourceTree = "<group>"; };
		05B6463E1CAAA9BB00977B5D /* activefield@2x.png */ = {isa = PBXFileReference; lastKnownFileType = image.png; path = "activefield@2x.png"; sourceTree = "<group>"; };
		05B6463F1CAAA9BB00977B5D /* arrowdown.png */ = {isa = PBXFileReference; lastKnownFileType = image.png; path = arrowdown.png; sourceTree = "<group>"; };
		05B646401CAAA9BB00977B5D /* arrowdown@2x.png */ = {isa = PBXFileReference; lastKnownFileType = image.png; path = "arrowdown@2x.png"; sourceTree = "<group>"; };
		05B646411CAAA9BB00977B5D /* backbuttonnew.png */ = {isa = PBXFileReference; lastKnownFileType = image.png; path = backbuttonnew.png; sourceTree = "<group>"; };
		05B646421CAAA9BB00977B5D /* backbuttonnew@2x.png */ = {isa = PBXFileReference; lastKnownFileType = image.png; path = "backbuttonnew@2x.png"; sourceTree = "<group>"; };
		05B646431CAAA9BB00977B5D /* bg.png */ = {isa = PBXFileReference; lastKnownFileType = image.png; path = bg.png; sourceTree = "<group>"; };
		05B646441CAAA9BB00977B5D /* bg@2x.png */ = {isa = PBXFileReference; lastKnownFileType = image.png; path = "bg@2x.png"; sourceTree = "<group>"; };
		05B646451CAAA9BB00977B5D /* buttonnext.png */ = {isa = PBXFileReference; lastKnownFileType = image.png; path = buttonnext.png; sourceTree = "<group>"; };
		05B646461CAAA9BB00977B5D /* buttonnext@2x.png */ = {isa = PBXFileReference; lastKnownFileType = image.png; path = "buttonnext@2x.png"; sourceTree = "<group>"; };
		05B646471CAAA9BB00977B5D /* innerlogo.png */ = {isa = PBXFileReference; lastKnownFileType = image.png; path = innerlogo.png; sourceTree = "<group>"; };
		05B646481CAAA9BB00977B5D /* innerlogo@2x.png */ = {isa = PBXFileReference; lastKnownFileType = image.png; path = "innerlogo@2x.png"; sourceTree = "<group>"; };
		05B646491CAAA9BB00977B5D /* lopgo.png */ = {isa = PBXFileReference; lastKnownFileType = image.png; path = lopgo.png; sourceTree = "<group>"; };
		05B6464A1CAAA9BB00977B5D /* lopgo@2x.png */ = {isa = PBXFileReference; lastKnownFileType = image.png; path = "lopgo@2x.png"; sourceTree = "<group>"; };
		05B6464B1CAAA9BB00977B5D /* startbutton.png */ = {isa = PBXFileReference; lastKnownFileType = image.png; path = startbutton.png; sourceTree = "<group>"; };
		05B6464C1CAAA9BB00977B5D /* startbutton@2x.png */ = {isa = PBXFileReference; lastKnownFileType = image.png; path = "startbutton@2x.png"; sourceTree = "<group>"; };
		05B6464E1CAAA9BB00977B5D /* frontscreen.jpg */ = {isa = PBXFileReference; lastKnownFileType = image.jpeg; path = frontscreen.jpg; sourceTree = "<group>"; };
		05B6464F1CAAA9BB00977B5D /* question5.jpg */ = {isa = PBXFileReference; lastKnownFileType = image.jpeg; path = question5.jpg; sourceTree = "<group>"; };
		05B646501CAAA9BB00977B5D /* thankyou.jpg */ = {isa = PBXFileReference; lastKnownFileType = image.jpeg; path = thankyou.jpg; sourceTree = "<group>"; };
		731E4B311BFDD92300DEB90C /* ListPopOverController.m */ = {isa = PBXFileReference; fileEncoding = 4; lastKnownFileType = sourcecode.c.objc; path = ListPopOverController.m; sourceTree = "<group>"; };
		731E4B321BFDD92300DEB90C /* ListPopOverController.xib */ = {isa = PBXFileReference; fileEncoding = 4; lastKnownFileType = file.xib; path = ListPopOverController.xib; sourceTree = "<group>"; };
		731E4B331BFDD92300DEB90C /* ListPopOverController.h */ = {isa = PBXFileReference; fileEncoding = 4; lastKnownFileType = sourcecode.c.h; path = ListPopOverController.h; sourceTree = "<group>"; };
		7352F65C1BFB550800215428 /* SystemConfiguration.framework */ = {isa = PBXFileReference; lastKnownFileType = wrapper.framework; name = SystemConfiguration.framework; path = System/Library/Frameworks/SystemConfiguration.framework; sourceTree = SDKROOT; };
		7352F6641BFB552700215428 /* AVFoundation.framework */ = {isa = PBXFileReference; lastKnownFileType = wrapper.framework; name = AVFoundation.framework; path = System/Library/Frameworks/AVFoundation.framework; sourceTree = SDKROOT; };
		73BF51ED1BFC6D8900CF3B5A /* FinalViewController.h */ = {isa = PBXFileReference; fileEncoding = 4; lastKnownFileType = sourcecode.c.h; path = FinalViewController.h; sourceTree = "<group>"; };
		73BF51EE1BFC6D8900CF3B5A /* FinalViewController.m */ = {isa = PBXFileReference; fileEncoding = 4; lastKnownFileType = sourcecode.c.objc; path = FinalViewController.m; sourceTree = "<group>"; };
		73BF51EF1BFC6D8900CF3B5A /* FinalViewController.xib */ = {isa = PBXFileReference; fileEncoding = 4; lastKnownFileType = file.xib; path = FinalViewController.xib; sourceTree = "<group>"; };
		73C36AEA1C004D4800CECBAC /* JSON.h */ = {isa = PBXFileReference; fileEncoding = 4; lastKnownFileType = sourcecode.c.h; path = JSON.h; sourceTree = "<group>"; };
		73C36AEB1C004D4800CECBAC /* NSObject+SBJSON.h */ = {isa = PBXFileReference; fileEncoding = 4; lastKnownFileType = sourcecode.c.h; path = "NSObject+SBJSON.h"; sourceTree = "<group>"; };
		73C36AEC1C004D4800CECBAC /* NSObject+SBJSON.m */ = {isa = PBXFileReference; fileEncoding = 4; lastKnownFileType = sourcecode.c.objc; path = "NSObject+SBJSON.m"; sourceTree = "<group>"; };
		73C36AED1C004D4800CECBAC /* NSString+SBJSON.h */ = {isa = PBXFileReference; fileEncoding = 4; lastKnownFileType = sourcecode.c.h; path = "NSString+SBJSON.h"; sourceTree = "<group>"; };
		73C36AEE1C004D4800CECBAC /* NSString+SBJSON.m */ = {isa = PBXFileReference; fileEncoding = 4; lastKnownFileType = sourcecode.c.objc; path = "NSString+SBJSON.m"; sourceTree = "<group>"; };
		73C36AEF1C004D4800CECBAC /* SBJSON.h */ = {isa = PBXFileReference; fileEncoding = 4; lastKnownFileType = sourcecode.c.h; path = SBJSON.h; sourceTree = "<group>"; };
		73C36AF01C004D4800CECBAC /* SBJSON.m */ = {isa = PBXFileReference; fileEncoding = 4; lastKnownFileType = sourcecode.c.objc; path = SBJSON.m; sourceTree = "<group>"; };
		73C36AF11C004D4800CECBAC /* SBJsonBase.h */ = {isa = PBXFileReference; fileEncoding = 4; lastKnownFileType = sourcecode.c.h; path = SBJsonBase.h; sourceTree = "<group>"; };
		73C36AF21C004D4800CECBAC /* SBJsonBase.m */ = {isa = PBXFileReference; fileEncoding = 4; lastKnownFileType = sourcecode.c.objc; path = SBJsonBase.m; sourceTree = "<group>"; };
		73C36AF31C004D4800CECBAC /* SBJsonParser.h */ = {isa = PBXFileReference; fileEncoding = 4; lastKnownFileType = sourcecode.c.h; path = SBJsonParser.h; sourceTree = "<group>"; };
		73C36AF41C004D4800CECBAC /* SBJsonParser.m */ = {isa = PBXFileReference; fileEncoding = 4; lastKnownFileType = sourcecode.c.objc; path = SBJsonParser.m; sourceTree = "<group>"; };
		73C36AF51C004D4800CECBAC /* SBJsonWriter.h */ = {isa = PBXFileReference; fileEncoding = 4; lastKnownFileType = sourcecode.c.h; path = SBJsonWriter.h; sourceTree = "<group>"; };
		73C36AF61C004D4800CECBAC /* SBJsonWriter.m */ = {isa = PBXFileReference; fileEncoding = 4; lastKnownFileType = sourcecode.c.objc; path = SBJsonWriter.m; sourceTree = "<group>"; };
		73C36AFE1C0096D000CECBAC /* DejalActivityView.h */ = {isa = PBXFileReference; fileEncoding = 4; lastKnownFileType = sourcecode.c.h; path = DejalActivityView.h; sourceTree = "<group>"; };
		73C36AFF1C0096D000CECBAC /* DejalActivityView.m */ = {isa = PBXFileReference; fileEncoding = 4; lastKnownFileType = sourcecode.c.objc; path = DejalActivityView.m; sourceTree = "<group>"; };
		73F76CFC1BFAF7D700AF9976 /* DIFC.app */ = {isa = PBXFileReference; explicitFileType = wrapper.application; includeInIndex = 0; path = DIFC.app; sourceTree = BUILT_PRODUCTS_DIR; };
		73F76D001BFAF7D700AF9976 /* Info.plist */ = {isa = PBXFileReference; lastKnownFileType = text.plist.xml; path = Info.plist; sourceTree = "<group>"; };
		73F76D011BFAF7D700AF9976 /* main.m */ = {isa = PBXFileReference; lastKnownFileType = sourcecode.c.objc; path = main.m; sourceTree = "<group>"; };
		73F76D031BFAF7D700AF9976 /* AppDelegate.h */ = {isa = PBXFileReference; lastKnownFileType = sourcecode.c.h; path = AppDelegate.h; sourceTree = "<group>"; };
		73F76D041BFAF7D700AF9976 /* AppDelegate.m */ = {isa = PBXFileReference; lastKnownFileType = sourcecode.c.objc; path = AppDelegate.m; sourceTree = "<group>"; };
		73F76D0C1BFAF7D700AF9976 /* Images.xcassets */ = {isa = PBXFileReference; lastKnownFileType = folder.assetcatalog; path = Images.xcassets; sourceTree = "<group>"; };
		73F76D0F1BFAF7D700AF9976 /* Base */ = {isa = PBXFileReference; lastKnownFileType = file.xib; name = Base; path = Base.lproj/LaunchScreen.xib; sourceTree = "<group>"; };
		73F76D151BFAF7D700AF9976 /* DIFCTests.xctest */ = {isa = PBXFileReference; explicitFileType = wrapper.cfbundle; includeInIndex = 0; path = DIFCTests.xctest; sourceTree = BUILT_PRODUCTS_DIR; };
		73F76D1A1BFAF7D700AF9976 /* Info.plist */ = {isa = PBXFileReference; lastKnownFileType = text.plist.xml; path = Info.plist; sourceTree = "<group>"; };
		73F76D1B1BFAF7D700AF9976 /* RaffleDrawGlobalVillageTests.m */ = {isa = PBXFileReference; lastKnownFileType = sourcecode.c.objc; path = RaffleDrawGlobalVillageTests.m; sourceTree = "<group>"; };
		73F76D301BFB196300AF9976 /* RegisterViewController.h */ = {isa = PBXFileReference; fileEncoding = 4; lastKnownFileType = sourcecode.c.h; path = RegisterViewController.h; sourceTree = "<group>"; };
		73F76D311BFB196300AF9976 /* RegisterViewController.m */ = {isa = PBXFileReference; fileEncoding = 4; lastKnownFileType = sourcecode.c.objc; path = RegisterViewController.m; sourceTree = "<group>"; };
		73F76D321BFB196300AF9976 /* RegisterViewController.xib */ = {isa = PBXFileReference; fileEncoding = 4; lastKnownFileType = file.xib; path = RegisterViewController.xib; sourceTree = "<group>"; };
		73F76D401BFB19F700AF9976 /* RaffleEntry.h */ = {isa = PBXFileReference; fileEncoding = 4; lastKnownFileType = sourcecode.c.h; path = RaffleEntry.h; sourceTree = "<group>"; };
		73F76D411BFB19F700AF9976 /* RaffleEntry.m */ = {isa = PBXFileReference; fileEncoding = 4; lastKnownFileType = sourcecode.c.objc; path = RaffleEntry.m; sourceTree = "<group>"; };
		73F76D461BFB1E9800AF9976 /* StartDrawViewController.h */ = {isa = PBXFileReference; fileEncoding = 4; lastKnownFileType = sourcecode.c.h; path = StartDrawViewController.h; sourceTree = "<group>"; };
		73F76D471BFB1E9800AF9976 /* StartDrawViewController.m */ = {isa = PBXFileReference; fileEncoding = 4; lastKnownFileType = sourcecode.c.objc; path = StartDrawViewController.m; sourceTree = "<group>"; };
		73F76D481BFB1E9800AF9976 /* StartDrawViewController.xib */ = {isa = PBXFileReference; fileEncoding = 4; lastKnownFileType = file.xib; path = StartDrawViewController.xib; sourceTree = "<group>"; };
/* End PBXFileReference section */

/* Begin PBXFrameworksBuildPhase section */
		73F76CF91BFAF7D700AF9976 /* Frameworks */ = {
			isa = PBXFrameworksBuildPhase;
			buildActionMask = 2147483647;
			files = (
				051931C91CAD24A30002D395 /* libsqlite3.0.tbd in Frameworks */,
				05AA80A01C8AAA2A0094FEB9 /* CFNetwork.framework in Frameworks */,
				05AA809E1C8AAA1F0094FEB9 /* CoreData.framework in Frameworks */,
				7352F6651BFB552700215428 /* AVFoundation.framework in Frameworks */,
				7352F65D1BFB550800215428 /* SystemConfiguration.framework in Frameworks */,
			);
			runOnlyForDeploymentPostprocessing = 0;
		};
		73F76D121BFAF7D700AF9976 /* Frameworks */ = {
			isa = PBXFrameworksBuildPhase;
			buildActionMask = 2147483647;
			files = (
			);
			runOnlyForDeploymentPostprocessing = 0;
		};
/* End PBXFrameworksBuildPhase section */

/* Begin PBXGroup section */
		05AA80CB1C8ACB0D0094FEB9 /* app-icons */ = {
			isa = PBXGroup;
			children = (
				0599982D1CAFD16800B30B8D /* logo167x167.png */,
				059998151CAFD09400B30B8D /* logo29x29.png */,
				059998161CAFD09400B30B8D /* logo40x40.png */,
				059998171CAFD09400B30B8D /* logo57x57.png */,
				059998181CAFD09400B30B8D /* logo58x58.png */,
				059998191CAFD09400B30B8D /* logo60x60.png */,
				0599981A1CAFD09400B30B8D /* logo76x76.png */,
				0599981B1CAFD09400B30B8D /* logo80x80.png */,
				0599981C1CAFD09400B30B8D /* logo87x87.png */,
				0599981D1CAFD09400B30B8D /* logo114x114.png */,
				0599981E1CAFD09400B30B8D /* logo120x120.png */,
				0599981F1CAFD09400B30B8D /* logo152x152.png */,
				059998201CAFD09400B30B8D /* logo180x180.png */,
			);
			path = "app-icons";
			sourceTree = "<group>";
		};
		05B6463C1CAAA9BB00977B5D /* Slices */ = {
			isa = PBXGroup;
			children = (
				051931BF1CACFF980002D395 /* active_dropdown_field@2x.png */,
				051931C01CACFF980002D395 /* active_dropdown_field.png */,
				05B6463D1CAAA9BB00977B5D /* activefield.png */,
				05B6463E1CAAA9BB00977B5D /* activefield@2x.png */,
				05B6463F1CAAA9BB00977B5D /* arrowdown.png */,
				05B646401CAAA9BB00977B5D /* arrowdown@2x.png */,
				05B646411CAAA9BB00977B5D /* backbuttonnew.png */,
				05B646421CAAA9BB00977B5D /* backbuttonnew@2x.png */,
				05B646431CAAA9BB00977B5D /* bg.png */,
				05B646441CAAA9BB00977B5D /* bg@2x.png */,
				05B646451CAAA9BB00977B5D /* buttonnext.png */,
				05B646461CAAA9BB00977B5D /* buttonnext@2x.png */,
				05B646471CAAA9BB00977B5D /* innerlogo.png */,
				05B646481CAAA9BB00977B5D /* innerlogo@2x.png */,
				05B646491CAAA9BB00977B5D /* lopgo.png */,
				05B6464A1CAAA9BB00977B5D /* lopgo@2x.png */,
				05B6464B1CAAA9BB00977B5D /* startbutton.png */,
				05B6464C1CAAA9BB00977B5D /* startbutton@2x.png */,
			);
			path = Slices;
			sourceTree = "<group>";
		};
		05B6464D1CAAA9BB00977B5D /* Screens */ = {
			isa = PBXGroup;
			children = (
				05B6464E1CAAA9BB00977B5D /* frontscreen.jpg */,
				05B6464F1CAAA9BB00977B5D /* question5.jpg */,
				05B646501CAAA9BB00977B5D /* thankyou.jpg */,
			);
			path = Screens;
			sourceTree = "<group>";
		};
		73C36AE91C004D4800CECBAC /* JSON */ = {
			isa = PBXGroup;
			children = (
				73C36AEA1C004D4800CECBAC /* JSON.h */,
				73C36AEB1C004D4800CECBAC /* NSObject+SBJSON.h */,
				73C36AEC1C004D4800CECBAC /* NSObject+SBJSON.m */,
				73C36AED1C004D4800CECBAC /* NSString+SBJSON.h */,
				73C36AEE1C004D4800CECBAC /* NSString+SBJSON.m */,
				73C36AEF1C004D4800CECBAC /* SBJSON.h */,
				73C36AF01C004D4800CECBAC /* SBJSON.m */,
				73C36AF11C004D4800CECBAC /* SBJsonBase.h */,
				73C36AF21C004D4800CECBAC /* SBJsonBase.m */,
				73C36AF31C004D4800CECBAC /* SBJsonParser.h */,
				73C36AF41C004D4800CECBAC /* SBJsonParser.m */,
				73C36AF51C004D4800CECBAC /* SBJsonWriter.h */,
				73C36AF61C004D4800CECBAC /* SBJsonWriter.m */,
			);
			path = JSON;
			sourceTree = "<group>";
		};
		73C36AFD1C0096D000CECBAC /* DejalActivityView */ = {
			isa = PBXGroup;
			children = (
				73C36AFE1C0096D000CECBAC /* DejalActivityView.h */,
				73C36AFF1C0096D000CECBAC /* DejalActivityView.m */,
			);
			path = DejalActivityView;
			sourceTree = "<group>";
		};
		73F76CF31BFAF7D700AF9976 = {
			isa = PBXGroup;
			children = (
				051931C81CAD24A30002D395 /* libsqlite3.0.tbd */,
				051931C61CAD243D0002D395 /* DIFC_DB.sqlite */,
				05AA809F1C8AAA2A0094FEB9 /* CFNetwork.framework */,
				05AA809D1C8AAA1F0094FEB9 /* CoreData.framework */,
				7352F6641BFB552700215428 /* AVFoundation.framework */,
				7352F65C1BFB550800215428 /* SystemConfiguration.framework */,
				73F76CFE1BFAF7D700AF9976 /* DIFC */,
				73F76D181BFAF7D700AF9976 /* DIFCTests */,
				73F76CFD1BFAF7D700AF9976 /* Products */,
			);
			sourceTree = "<group>";
		};
		73F76CFD1BFAF7D700AF9976 /* Products */ = {
			isa = PBXGroup;
			children = (
				73F76CFC1BFAF7D700AF9976 /* DIFC.app */,
				73F76D151BFAF7D700AF9976 /* DIFCTests.xctest */,
			);
			name = Products;
			sourceTree = "<group>";
		};
		73F76CFE1BFAF7D700AF9976 /* DIFC */ = {
			isa = PBXGroup;
			children = (
				73F76D2E1BFB196300AF9976 /* Model */,
				73F76D2F1BFB196300AF9976 /* ViewControllers */,
				73F76D361BFB196300AF9976 /* ThirdParty */,
				73F76D371BFB196300AF9976 /* Images */,
				73F76D381BFB196300AF9976 /* Views */,
				73F76D031BFAF7D700AF9976 /* AppDelegate.h */,
				73F76D041BFAF7D700AF9976 /* AppDelegate.m */,
				73F76D0C1BFAF7D700AF9976 /* Images.xcassets */,
				73F76D0E1BFAF7D700AF9976 /* LaunchScreen.xib */,
				73F76CFF1BFAF7D700AF9976 /* Supporting Files */,
			);
			name = DIFC;
			path = RaffleDrawGlobalVillage;
			sourceTree = "<group>";
		};
		73F76CFF1BFAF7D700AF9976 /* Supporting Files */ = {
			isa = PBXGroup;
			children = (
				73F76D001BFAF7D700AF9976 /* Info.plist */,
				73F76D011BFAF7D700AF9976 /* main.m */,
			);
			name = "Supporting Files";
			sourceTree = "<group>";
		};
		73F76D181BFAF7D700AF9976 /* DIFCTests */ = {
			isa = PBXGroup;
			children = (
				73F76D1B1BFAF7D700AF9976 /* RaffleDrawGlobalVillageTests.m */,
				73F76D191BFAF7D700AF9976 /* Supporting Files */,
			);
			name = DIFCTests;
			path = RaffleDrawGlobalVillageTests;
			sourceTree = "<group>";
		};
		73F76D191BFAF7D700AF9976 /* Supporting Files */ = {
			isa = PBXGroup;
			children = (
				73F76D1A1BFAF7D700AF9976 /* Info.plist */,
			);
			name = "Supporting Files";
			sourceTree = "<group>";
		};
		73F76D2E1BFB196300AF9976 /* Model */ = {
			isa = PBXGroup;
			children = (
				051931C41CAD22990002D395 /* DataLayer.h */,
				051931C31CAD22990002D395 /* DataLayer.m */,
				73F76D401BFB19F700AF9976 /* RaffleEntry.h */,
				73F76D411BFB19F700AF9976 /* RaffleEntry.m */,
			);
			path = Model;
			sourceTree = "<group>";
		};
		73F76D2F1BFB196300AF9976 /* ViewControllers */ = {
			isa = PBXGroup;
			children = (
				051931CE1CAD25FA0002D395 /* ViewExportFilesViewController.h */,
				051931CB1CAD25FA0002D395 /* ViewExportFilesViewController.m */,
				051931CD1CAD25FA0002D395 /* ViewExportFilesViewController.xib */,
				051931CF1CAD25FA0002D395 /* SearchFilterViewController.h */,
				051931CA1CAD25FA0002D395 /* SearchFilterViewController.m */,
				051931CC1CAD25FA0002D395 /* SearchFilterViewController.xib */,
				051931D21CAD25FA0002D395 /* InAppBrowserViewController.h */,
				051931D01CAD25FA0002D395 /* InAppBrowserViewController.m */,
				051931D11CAD25FA0002D395 /* InAppBrowserViewController.xib */,
				73F76D301BFB196300AF9976 /* RegisterViewController.h */,
				73F76D311BFB196300AF9976 /* RegisterViewController.m */,
				73F76D321BFB196300AF9976 /* RegisterViewController.xib */,
				73F76D461BFB1E9800AF9976 /* StartDrawViewController.h */,
				73F76D471BFB1E9800AF9976 /* StartDrawViewController.m */,
				73F76D481BFB1E9800AF9976 /* StartDrawViewController.xib */,
				73BF51ED1BFC6D8900CF3B5A /* FinalViewController.h */,
				73BF51EE1BFC6D8900CF3B5A /* FinalViewController.m */,
				73BF51EF1BFC6D8900CF3B5A /* FinalViewController.xib */,
			);
			path = ViewControllers;
			sourceTree = "<group>";
		};
		73F76D361BFB196300AF9976 /* ThirdParty */ = {
			isa = PBXGroup;
			children = (
				73C36AFD1C0096D000CECBAC /* DejalActivityView */,
				73C36AE91C004D4800CECBAC /* JSON */,
			);
			path = ThirdParty;
			sourceTree = "<group>";
		};
		73F76D371BFB196300AF9976 /* Images */ = {
			isa = PBXGroup;
			children = (
				051931E71CAD45A20002D395 /* manual_scan.png */,
				051931E31CAD28760002D395 /* redbutton.png */,
				051931E41CAD28760002D395 /* bluebutton.png */,
				05B6463C1CAAA9BB00977B5D /* Slices */,
				05B6464D1CAAA9BB00977B5D /* Screens */,
				05AA80CB1C8ACB0D0094FEB9 /* app-icons */,
			);
			path = Images;
			sourceTree = "<group>";
		};
		73F76D381BFB196300AF9976 /* Views */ = {
			isa = PBXGroup;
			children = (
				051931DC1CAD27B30002D395 /* FilesCustomCell.h */,
				051931DB1CAD27B30002D395 /* FilesCustomCell.m */,
				051931D91CAD27B30002D395 /* FilesCustomCell.xib */,
				051931DE1CAD27B30002D395 /* UserCustomCell.h */,
				051931DD1CAD27B30002D395 /* UserCustomCell.m */,
				051931DA1CAD27B30002D395 /* UserCustomCell.xib */,
				731E4B331BFDD92300DEB90C /* ListPopOverController.h */,
				731E4B311BFDD92300DEB90C /* ListPopOverController.m */,
				731E4B321BFDD92300DEB90C /* ListPopOverController.xib */,
			);
			path = Views;
			sourceTree = "<group>";
		};
/* End PBXGroup section */

/* Begin PBXNativeTarget section */
		73F76CFB1BFAF7D700AF9976 /* DIFC */ = {
			isa = PBXNativeTarget;
			buildConfigurationList = 73F76D1F1BFAF7D700AF9976 /* Build configuration list for PBXNativeTarget "DIFC" */;
			buildPhases = (
				73F76CF81BFAF7D700AF9976 /* Sources */,
				73F76CF91BFAF7D700AF9976 /* Frameworks */,
				73F76CFA1BFAF7D700AF9976 /* Resources */,
			);
			buildRules = (
			);
			dependencies = (
			);
			name = DIFC;
			productName = RaffleDrawGlobalVillage;
			productReference = 73F76CFC1BFAF7D700AF9976 /* DIFC.app */;
			productType = "com.apple.product-type.application";
		};
		73F76D141BFAF7D700AF9976 /* DIFCTests */ = {
			isa = PBXNativeTarget;
			buildConfigurationList = 73F76D221BFAF7D700AF9976 /* Build configuration list for PBXNativeTarget "DIFCTests" */;
			buildPhases = (
				73F76D111BFAF7D700AF9976 /* Sources */,
				73F76D121BFAF7D700AF9976 /* Frameworks */,
				73F76D131BFAF7D700AF9976 /* Resources */,
			);
			buildRules = (
			);
			dependencies = (
				73F76D171BFAF7D700AF9976 /* PBXTargetDependency */,
			);
			name = DIFCTests;
			productName = RaffleDrawGlobalVillageTests;
			productReference = 73F76D151BFAF7D700AF9976 /* DIFCTests.xctest */;
			productType = "com.apple.product-type.bundle.unit-test";
		};
/* End PBXNativeTarget section */

/* Begin PBXProject section */
		73F76CF41BFAF7D700AF9976 /* Project object */ = {
			isa = PBXProject;
			attributes = {
				LastUpgradeCheck = 0630;
				ORGANIZATIONNAME = gtechme;
				TargetAttributes = {
					73F76CFB1BFAF7D700AF9976 = {
						CreatedOnToolsVersion = 6.3.1;
						DevelopmentTeam = 7MC533REKH;
					};
					73F76D141BFAF7D700AF9976 = {
						CreatedOnToolsVersion = 6.3.1;
						TestTargetID = 73F76CFB1BFAF7D700AF9976;
					};
				};
			};
			buildConfigurationList = 73F76CF71BFAF7D700AF9976 /* Build configuration list for PBXProject "DIFC" */;
			compatibilityVersion = "Xcode 3.2";
			developmentRegion = English;
			hasScannedForEncodings = 0;
			knownRegions = (
				en,
				Base,
			);
			mainGroup = 73F76CF31BFAF7D700AF9976;
			productRefGroup = 73F76CFD1BFAF7D700AF9976 /* Products */;
			projectDirPath = "";
			projectRoot = "";
			targets = (
				73F76CFB1BFAF7D700AF9976 /* DIFC */,
				73F76D141BFAF7D700AF9976 /* DIFCTests */,
			);
		};
/* End PBXProject section */

/* Begin PBXResourcesBuildPhase section */
		73F76CFA1BFAF7D700AF9976 /* Resources */ = {
			isa = PBXResourcesBuildPhase;
			buildActionMask = 2147483647;
			files = (
				05B646631CAAA9BB00977B5D /* thankyou.jpg in Resources */,
				05B646621CAAA9BB00977B5D /* question5.jpg in Resources */,
				051931E01CAD27B30002D395 /* UserCustomCell.xib in Resources */,
				05B646521CAAA9BB00977B5D /* activefield@2x.png in Resources */,
				05B646561CAAA9BB00977B5D /* backbuttonnew@2x.png in Resources */,
				05B646531CAAA9BB00977B5D /* arrowdown.png in Resources */,
				0599982E1CAFD16800B30B8D /* logo167x167.png in Resources */,
				059998291CAFD09400B30B8D /* logo114x114.png in Resources */,
				731E4B351BFDD92300DEB90C /* ListPopOverController.xib in Resources */,
				059998251CAFD09400B30B8D /* logo60x60.png in Resources */,
				05B646571CAAA9BB00977B5D /* bg.png in Resources */,
				05B6465E1CAAA9BB00977B5D /* lopgo@2x.png in Resources */,
				051931C71CAD243D0002D395 /* DIFC_DB.sqlite in Resources */,
				051931D81CAD25FA0002D395 /* InAppBrowserViewController.xib in Resources */,
				05B646511CAAA9BB00977B5D /* activefield.png in Resources */,
				059998211CAFD09400B30B8D /* logo29x29.png in Resources */,
				05B6465B1CAAA9BB00977B5D /* innerlogo.png in Resources */,
				05B646541CAAA9BB00977B5D /* arrowdown@2x.png in Resources */,
				05B6465D1CAAA9BB00977B5D /* lopgo.png in Resources */,
				059998231CAFD09400B30B8D /* logo57x57.png in Resources */,
				051931E51CAD28760002D395 /* redbutton.png in Resources */,
				051931E81CAD45A20002D395 /* manual_scan.png in Resources */,
				059998271CAFD09400B30B8D /* logo80x80.png in Resources */,
				059998241CAFD09400B30B8D /* logo58x58.png in Resources */,
				059998261CAFD09400B30B8D /* logo76x76.png in Resources */,
				0599982B1CAFD09400B30B8D /* logo152x152.png in Resources */,
				059998281CAFD09400B30B8D /* logo87x87.png in Resources */,
				73F76D4A1BFB1E9800AF9976 /* StartDrawViewController.xib in Resources */,
				05B6465C1CAAA9BB00977B5D /* innerlogo@2x.png in Resources */,
				051931D51CAD25FA0002D395 /* SearchFilterViewController.xib in Resources */,
				059998221CAFD09400B30B8D /* logo40x40.png in Resources */,
				051931D61CAD25FA0002D395 /* ViewExportFilesViewController.xib in Resources */,
				051931DF1CAD27B30002D395 /* FilesCustomCell.xib in Resources */,
				05B646581CAAA9BB00977B5D /* bg@2x.png in Resources */,
				05B646551CAAA9BB00977B5D /* backbuttonnew.png in Resources */,
				05B646601CAAA9BB00977B5D /* startbutton@2x.png in Resources */,
				05B6465A1CAAA9BB00977B5D /* buttonnext@2x.png in Resources */,
				73F76D101BFAF7D700AF9976 /* LaunchScreen.xib in Resources */,
				05B646591CAAA9BB00977B5D /* buttonnext.png in Resources */,
				05B6465F1CAAA9BB00977B5D /* startbutton.png in Resources */,
				051931C11CACFF980002D395 /* active_dropdown_field@2x.png in Resources */,
				051931C21CACFF980002D395 /* active_dropdown_field.png in Resources */,
				73BF51F11BFC6D8900CF3B5A /* FinalViewController.xib in Resources */,
				73F76D0D1BFAF7D700AF9976 /* Images.xcassets in Resources */,
				73F76D3A1BFB196300AF9976 /* RegisterViewController.xib in Resources */,
				0599982A1CAFD09400B30B8D /* logo120x120.png in Resources */,
				0599982C1CAFD09400B30B8D /* logo180x180.png in Resources */,
				051931E61CAD28760002D395 /* bluebutton.png in Resources */,
				05B646611CAAA9BB00977B5D /* frontscreen.jpg in Resources */,
			);
			runOnlyForDeploymentPostprocessing = 0;
		};
		73F76D131BFAF7D700AF9976 /* Resources */ = {
			isa = PBXResourcesBuildPhase;
			buildActionMask = 2147483647;
			files = (
			);
			runOnlyForDeploymentPostprocessing = 0;
		};
/* End PBXResourcesBuildPhase section */

/* Begin PBXSourcesBuildPhase section */
		73F76CF81BFAF7D700AF9976 /* Sources */ = {
			isa = PBXSourcesBuildPhase;
			buildActionMask = 2147483647;
			files = (
				73C36B001C0096D000CECBAC /* DejalActivityView.m in Sources */,
				051931E21CAD27B30002D395 /* UserCustomCell.m in Sources */,
				051931D41CAD25FA0002D395 /* ViewExportFilesViewController.m in Sources */,
				73BF51F01BFC6D8900CF3B5A /* FinalViewController.m in Sources */,
				73F76D051BFAF7D700AF9976 /* AppDelegate.m in Sources */,
				051931D31CAD25FA0002D395 /* SearchFilterViewController.m in Sources */,
				731E4B341BFDD92300DEB90C /* ListPopOverController.m in Sources */,
				73C36AFB1C004D4800CECBAC /* SBJsonParser.m in Sources */,
				73F76D491BFB1E9800AF9976 /* StartDrawViewController.m in Sources */,
				73C36AFA1C004D4800CECBAC /* SBJsonBase.m in Sources */,
				73F76D421BFB19F700AF9976 /* RaffleEntry.m in Sources */,
				73F76D391BFB196300AF9976 /* RegisterViewController.m in Sources */,
				73F76D021BFAF7D700AF9976 /* main.m in Sources */,
				051931E11CAD27B30002D395 /* FilesCustomCell.m in Sources */,
				051931D71CAD25FA0002D395 /* InAppBrowserViewController.m in Sources */,
				73C36AF91C004D4800CECBAC /* SBJSON.m in Sources */,
				73C36AF81C004D4800CECBAC /* NSString+SBJSON.m in Sources */,
				051931C51CAD22990002D395 /* DataLayer.m in Sources */,
				73C36AF71C004D4800CECBAC /* NSObject+SBJSON.m in Sources */,
				73C36AFC1C004D4800CECBAC /* SBJsonWriter.m in Sources */,
			);
			runOnlyForDeploymentPostprocessing = 0;
		};
		73F76D111BFAF7D700AF9976 /* Sources */ = {
			isa = PBXSourcesBuildPhase;
			buildActionMask = 2147483647;
			files = (
				73F76D1C1BFAF7D700AF9976 /* RaffleDrawGlobalVillageTests.m in Sources */,
			);
			runOnlyForDeploymentPostprocessing = 0;
		};
/* End PBXSourcesBuildPhase section */

/* Begin PBXTargetDependency section */
		73F76D171BFAF7D700AF9976 /* PBXTargetDependency */ = {
			isa = PBXTargetDependency;
			target = 73F76CFB1BFAF7D700AF9976 /* DIFC */;
			targetProxy = 73F76D161BFAF7D700AF9976 /* PBXContainerItemProxy */;
		};
/* End PBXTargetDependency section */

/* Begin PBXVariantGroup section */
		73F76D0E1BFAF7D700AF9976 /* LaunchScreen.xib */ = {
			isa = PBXVariantGroup;
			children = (
				73F76D0F1BFAF7D700AF9976 /* Base */,
			);
			name = LaunchScreen.xib;
			sourceTree = "<group>";
		};
/* End PBXVariantGroup section */

/* Begin XCBuildConfiguration section */
		73F76D1D1BFAF7D700AF9976 /* Debug */ = {
			isa = XCBuildConfiguration;
			buildSettings = {
				ALWAYS_SEARCH_USER_PATHS = NO;
				CLANG_CXX_LANGUAGE_STANDARD = "gnu++0x";
				CLANG_CXX_LIBRARY = "libc++";
				CLANG_ENABLE_MODULES = YES;
				CLANG_ENABLE_OBJC_ARC = YES;
				CLANG_WARN_BOOL_CONVERSION = YES;
				CLANG_WARN_CONSTANT_CONVERSION = YES;
				CLANG_WARN_DIRECT_OBJC_ISA_USAGE = YES_ERROR;
				CLANG_WARN_EMPTY_BODY = YES;
				CLANG_WARN_ENUM_CONVERSION = YES;
				CLANG_WARN_INT_CONVERSION = YES;
				CLANG_WARN_OBJC_ROOT_CLASS = YES_ERROR;
				CLANG_WARN_UNREACHABLE_CODE = YES;
				CLANG_WARN__DUPLICATE_METHOD_MATCH = YES;
				CODE_SIGN_IDENTITY = "iPhone Distribution: Gurshinder Singh (7MC533REKH)";
				"CODE_SIGN_IDENTITY[sdk=iphoneos*]" = "iPhone Developer";
				COPY_PHASE_STRIP = NO;
				DEBUG_INFORMATION_FORMAT = "dwarf-with-dsym";
				ENABLE_STRICT_OBJC_MSGSEND = YES;
				GCC_C_LANGUAGE_STANDARD = gnu99;
				GCC_DYNAMIC_NO_PIC = NO;
				GCC_NO_COMMON_BLOCKS = YES;
				GCC_OPTIMIZATION_LEVEL = 0;
				GCC_PREPROCESSOR_DEFINITIONS = (
					"DEBUG=1",
					"$(inherited)",
				);
				GCC_SYMBOLS_PRIVATE_EXTERN = NO;
				GCC_WARN_64_TO_32_BIT_CONVERSION = YES;
				GCC_WARN_ABOUT_RETURN_TYPE = YES_ERROR;
				GCC_WARN_UNDECLARED_SELECTOR = YES;
				GCC_WARN_UNINITIALIZED_AUTOS = YES_AGGRESSIVE;
				GCC_WARN_UNUSED_FUNCTION = YES;
				GCC_WARN_UNUSED_VARIABLE = YES;
				IPHONEOS_DEPLOYMENT_TARGET = 8.3;
				MTL_ENABLE_DEBUG_INFO = YES;
				ONLY_ACTIVE_ARCH = YES;
				PROVISIONING_PROFILE = "18b8aaca-48a9-4eb8-96bd-00b2020b57ae";
				SDKROOT = iphoneos;
				TARGETED_DEVICE_FAMILY = 2;
			};
			name = Debug;
		};
		73F76D1E1BFAF7D700AF9976 /* Release */ = {
			isa = XCBuildConfiguration;
			buildSettings = {
				ALWAYS_SEARCH_USER_PATHS = NO;
				CLANG_CXX_LANGUAGE_STANDARD = "gnu++0x";
				CLANG_CXX_LIBRARY = "libc++";
				CLANG_ENABLE_MODULES = YES;
				CLANG_ENABLE_OBJC_ARC = YES;
				CLANG_WARN_BOOL_CONVERSION = YES;
				CLANG_WARN_CONSTANT_CONVERSION = YES;
				CLANG_WARN_DIRECT_OBJC_ISA_USAGE = YES_ERROR;
				CLANG_WARN_EMPTY_BODY = YES;
				CLANG_WARN_ENUM_CONVERSION = YES;
				CLANG_WARN_INT_CONVERSION = YES;
				CLANG_WARN_OBJC_ROOT_CLASS = YES_ERROR;
				CLANG_WARN_UNREACHABLE_CODE = YES;
				CLANG_WARN__DUPLICATE_METHOD_MATCH = YES;
				CODE_SIGN_IDENTITY = "iPhone Distribution: Gurshinder Singh (7MC533REKH)";
				"CODE_SIGN_IDENTITY[sdk=iphoneos*]" = "";
				COPY_PHASE_STRIP = NO;
				DEBUG_INFORMATION_FORMAT = "dwarf-with-dsym";
				ENABLE_NS_ASSERTIONS = NO;
				ENABLE_STRICT_OBJC_MSGSEND = YES;
				GCC_C_LANGUAGE_STANDARD = gnu99;
				GCC_NO_COMMON_BLOCKS = YES;
				GCC_WARN_64_TO_32_BIT_CONVERSION = YES;
				GCC_WARN_ABOUT_RETURN_TYPE = YES_ERROR;
				GCC_WARN_UNDECLARED_SELECTOR = YES;
				GCC_WARN_UNINITIALIZED_AUTOS = YES_AGGRESSIVE;
				GCC_WARN_UNUSED_FUNCTION = YES;
				GCC_WARN_UNUSED_VARIABLE = YES;
				IPHONEOS_DEPLOYMENT_TARGET = 8.3;
				MTL_ENABLE_DEBUG_INFO = NO;
				PROVISIONING_PROFILE = "18b8aaca-48a9-4eb8-96bd-00b2020b57ae";
				SDKROOT = iphoneos;
				TARGETED_DEVICE_FAMILY = 2;
				VALIDATE_PRODUCT = YES;
			};
			name = Release;
		};
		73F76D201BFAF7D700AF9976 /* Debug */ = {
			isa = XCBuildConfiguration;
			buildSettings = {
				ASSETCATALOG_COMPILER_APPICON_NAME = AppIcon;
				CODE_SIGN_IDENTITY = "";
				"CODE_SIGN_IDENTITY[sdk=iphoneos*]" = "iPhone Distribution: Gurshinder Singh (7MC533REKH)";
				FRAMEWORK_SEARCH_PATHS = (
					"$(inherited)",
					"$(PROJECT_DIR)",
				);
				INFOPLIST_FILE = RaffleDrawGlobalVillage/Info.plist;
				IPHONEOS_DEPLOYMENT_TARGET = 7.0;
				LD_RUNPATH_SEARCH_PATHS = "$(inherited) @executable_path/Frameworks";
				PRODUCT_BUNDLE_IDENTIFIER = com.gtechme.difc;
				PRODUCT_NAME = DIFC;
				PROVISIONING_PROFILE = "18b8aaca-48a9-4eb8-96bd-00b2020b57ae";
				TARGETED_DEVICE_FAMILY = 2;
			};
			name = Debug;
		};
		73F76D211BFAF7D700AF9976 /* Release */ = {
			isa = XCBuildConfiguration;
			buildSettings = {
				ASSETCATALOG_COMPILER_APPICON_NAME = AppIcon;
				CODE_SIGN_IDENTITY = "";
				"CODE_SIGN_IDENTITY[sdk=iphoneos*]" = "iPhone Distribution: Gurshinder Singh (7MC533REKH)";
				FRAMEWORK_SEARCH_PATHS = (
					"$(inherited)",
					"$(PROJECT_DIR)",
				);
				INFOPLIST_FILE = RaffleDrawGlobalVillage/Info.plist;
				IPHONEOS_DEPLOYMENT_TARGET = 7.0;
				LD_RUNPATH_SEARCH_PATHS = "$(inherited) @executable_path/Frameworks";
				PRODUCT_BUNDLE_IDENTIFIER = com.gtechme.difc;
				PRODUCT_NAME = DIFC;
				PROVISIONING_PROFILE = "18b8aaca-48a9-4eb8-96bd-00b2020b57ae";
				TARGETED_DEVICE_FAMILY = 2;
			};
			name = Release;
		};
		73F76D231BFAF7D700AF9976 /* Debug */ = {
			isa = XCBuildConfiguration;
			buildSettings = {
				BUNDLE_LOADER = "$(TEST_HOST)";
				FRAMEWORK_SEARCH_PATHS = (
					"$(SDKROOT)/Developer/Library/Frameworks",
					"$(inherited)",
				);
				GCC_PREPROCESSOR_DEFINITIONS = (
					"DEBUG=1",
					"$(inherited)",
				);
				INFOPLIST_FILE = RaffleDrawGlobalVillageTests/Info.plist;
				LD_RUNPATH_SEARCH_PATHS = "$(inherited) @executable_path/Frameworks @loader_path/Frameworks";
				PRODUCT_NAME = DIFCTests;
				TEST_HOST = "$(BUILT_PRODUCTS_DIR)/DIFC.app/DIFC";
			};
			name = Debug;
		};
		73F76D241BFAF7D700AF9976 /* Release */ = {
			isa = XCBuildConfiguration;
			buildSettings = {
				BUNDLE_LOADER = "$(TEST_HOST)";
				FRAMEWORK_SEARCH_PATHS = (
					"$(SDKROOT)/Developer/Library/Frameworks",
					"$(inherited)",
				);
				INFOPLIST_FILE = RaffleDrawGlobalVillageTests/Info.plist;
				LD_RUNPATH_SEARCH_PATHS = "$(inherited) @executable_path/Frameworks @loader_path/Frameworks";
				PRODUCT_NAME = DIFCTests;
				TEST_HOST = "$(BUILT_PRODUCTS_DIR)/DIFC.app/DIFC";
			};
			name = Release;
		};
/* End XCBuildConfiguration section */

/* Begin XCConfigurationList section */
		73F76CF71BFAF7D700AF9976 /* Build configuration list for PBXProject "DIFC" */ = {
			isa = XCConfigurationList;
			buildConfigurations = (
				73F76D1D1BFAF7D700AF9976 /* Debug */,
				73F76D1E1BFAF7D700AF9976 /* Release */,
			);
			defaultConfigurationIsVisible = 0;
			defaultConfigurationName = Release;
		};
		73F76D1F1BFAF7D700AF9976 /* Build configuration list for PBXNativeTarget "DIFC" */ = {
			isa = XCConfigurationList;
			buildConfigurations = (
				73F76D201BFAF7D700AF9976 /* Debug */,
				73F76D211BFAF7D700AF9976 /* Release */,
			);
			defaultConfigurationIsVisible = 0;
			defaultConfigurationName = Release;
		};
		73F76D221BFAF7D700AF9976 /* Build configuration list for PBXNativeTarget "DIFCTests" */ = {
			isa = XCConfigurationList;
			buildConfigurations = (
				73F76D231BFAF7D700AF9976 /* Debug */,
				73F76D241BFAF7D700AF9976 /* Release */,
			);
			defaultConfigurationIsVisible = 0;
			defaultConfigurationName = Release;
		};
/* End XCConfigurationList section */
	};
	rootObject = 73F76CF41BFAF7D700AF9976 /* Project object */;
}
